
Microsoft Visual Studio Solution File, Format Version 12.00
# Visual Studio 14
VisualStudioVersion = 14.0.25123.0
MinimumVisualStudioVersion = 10.0.40219.1
Project("{FAE04EC0-301F-11D3-BF4B-00C04F79EFBC}") = "xFitbitClient.Droid", "xFitbitClient\xFitbitClient.Droid\xFitbitClient.Droid.csproj", "{7CF35889-295C-4D00-BEB5-1EF5BCB53000}"
EndProject
Project("{FAE04EC0-301F-11D3-BF4B-00C04F79EFBC}") = "xFitbitClient.iOS", "xFitbitClient\xFitbitClient.iOS\xFitbitClient.iOS.csproj", "{21622A11-0BBD-4ACA-9409-0199FAE52AC0}"
EndProject
Project("{FAE04EC0-301F-11D3-BF4B-00C04F79EFBC}") = "xFitbitClient.UWP", "xFitbitClient\xFitbitClient.UWP\xFitbitClient.UWP.csproj", "{AA81BC4B-E836-4BDC-9FAD-BBA60F9A228F}"
EndProject
Project("{FAE04EC0-301F-11D3-BF4B-00C04F79EFBC}") = "xFitbitClient", "xFitbitClient\xFitbitClient\xFitbitClient.csproj", "{B7FD3A94-147A-4748-9028-5A22AE3016C7}"
EndProject
Global
	GlobalSection(SolutionConfigurationPlatforms) = preSolution
		Ad-Hoc|Any CPU = Ad-Hoc|Any CPU
		Ad-Hoc|ARM = Ad-Hoc|ARM
		Ad-Hoc|iPhone = Ad-Hoc|iPhone
		Ad-Hoc|iPhoneSimulator = Ad-Hoc|iPhoneSimulator
		Ad-Hoc|x64 = Ad-Hoc|x64
		Ad-Hoc|x86 = Ad-Hoc|x86
		AppStore|Any CPU = AppStore|Any CPU
		AppStore|ARM = AppStore|ARM
		AppStore|iPhone = AppStore|iPhone
		AppStore|iPhoneSimulator = AppStore|iPhoneSimulator
		AppStore|x64 = AppStore|x64
		AppStore|x86 = AppStore|x86
		Debug|Any CPU = Debug|Any CPU
		Debug|ARM = Debug|ARM
		Debug|iPhone = Debug|iPhone
		Debug|iPhoneSimulator = Debug|iPhoneSimulator
		Debug|x64 = Debug|x64
		Debug|x86 = Debug|x86
		Release|Any CPU = Release|Any CPU
		Release|ARM = Release|ARM
		Release|iPhone = Release|iPhone
		Release|iPhoneSimulator = Release|iPhoneSimulator
		Release|x64 = Release|x64
		Release|x86 = Release|x86
	EndGlobalSection
	GlobalSection(ProjectConfigurationPlatforms) = postSolution
		{7CF35889-295C-4D00-BEB5-1EF5BCB53000}.Ad-Hoc|Any CPU.ActiveCfg = Release|Any CPU
		{7CF35889-295C-4D00-BEB5-1EF5BCB53000}.Ad-Hoc|Any CPU.Build.0 = Release|Any CPU
		{7CF35889-295C-4D00-BEB5-1EF5BCB53000}.Ad-Hoc|Any CPU.Deploy.0 = Release|Any CPU
		{7CF35889-295C-4D00-BEB5-1EF5BCB53000}.Ad-Hoc|ARM.ActiveCfg = Release|Any CPU
		{7CF35889-295C-4D00-BEB5-1EF5BCB53000}.Ad-Hoc|ARM.Build.0 = Release|Any CPU
		{7CF35889-295C-4D00-BEB5-1EF5BCB53000}.Ad-Hoc|ARM.Deploy.0 = Release|Any CPU
		{7CF35889-295C-4D00-BEB5-1EF5BCB53000}.Ad-Hoc|iPhone.ActiveCfg = Release|Any CPU
		{7CF35889-295C-4D00-BEB5-1EF5BCB53000}.Ad-Hoc|iPhone.Build.0 = Release|Any CPU
		{7CF35889-295C-4D00-BEB5-1EF5BCB53000}.Ad-Hoc|iPhone.Deploy.0 = Release|Any CPU
		{7CF35889-295C-4D00-BEB5-1EF5BCB53000}.Ad-Hoc|iPhoneSimulator.ActiveCfg = Release|Any CPU
		{7CF35889-295C-4D00-BEB5-1EF5BCB53000}.Ad-Hoc|iPhoneSimulator.Build.0 = Release|Any CPU
		{7CF35889-295C-4D00-BEB5-1EF5BCB53000}.Ad-Hoc|iPhoneSimulator.Deploy.0 = Release|Any CPU
		{7CF35889-295C-4D00-BEB5-1EF5BCB53000}.Ad-Hoc|x64.ActiveCfg = Release|Any CPU
		{7CF35889-295C-4D00-BEB5-1EF5BCB53000}.Ad-Hoc|x64.Build.0 = Release|Any CPU
		{7CF35889-295C-4D00-BEB5-1EF5BCB53000}.Ad-Hoc|x64.Deploy.0 = Release|Any CPU
		{7CF35889-295C-4D00-BEB5-1EF5BCB53000}.Ad-Hoc|x86.ActiveCfg = Release|Any CPU
		{7CF35889-295C-4D00-BEB5-1EF5BCB53000}.Ad-Hoc|x86.Build.0 = Release|Any CPU
		{7CF35889-295C-4D00-BEB5-1EF5BCB53000}.Ad-Hoc|x86.Deploy.0 = Release|Any CPU
		{7CF35889-295C-4D00-BEB5-1EF5BCB53000}.AppStore|Any CPU.ActiveCfg = Release|Any CPU
		{7CF35889-295C-4D00-BEB5-1EF5BCB53000}.AppStore|Any CPU.Build.0 = Release|Any CPU
		{7CF35889-295C-4D00-BEB5-1EF5BCB53000}.AppStore|Any CPU.Deploy.0 = Release|Any CPU
		{7CF35889-295C-4D00-BEB5-1EF5BCB53000}.AppStore|ARM.ActiveCfg = Release|Any CPU
		{7CF35889-295C-4D00-BEB5-1EF5BCB53000}.AppStore|ARM.Build.0 = Release|Any CPU
		{7CF35889-295C-4D00-BEB5-1EF5BCB53000}.AppStore|ARM.Deploy.0 = Release|Any CPU
		{7CF35889-295C-4D00-BEB5-1EF5BCB53000}.AppStore|iPhone.ActiveCfg = Release|Any CPU
		{7CF35889-295C-4D00-BEB5-1EF5BCB53000}.AppStore|iPhone.Build.0 = Release|Any CPU
		{7CF35889-295C-4D00-BEB5-1EF5BCB53000}.AppStore|iPhone.Deploy.0 = Release|Any CPU
		{7CF35889-295C-4D00-BEB5-1EF5BCB53000}.AppStore|iPhoneSimulator.ActiveCfg = Release|Any CPU
		{7CF35889-295C-4D00-BEB5-1EF5BCB53000}.AppStore|iPhoneSimulator.Build.0 = Release|Any CPU
		{7CF35889-295C-4D00-BEB5-1EF5BCB53000}.AppStore|iPhoneSimulator.Deploy.0 = Release|Any CPU
		{7CF35889-295C-4D00-BEB5-1EF5BCB53000}.AppStore|x64.ActiveCfg = Release|Any CPU
		{7CF35889-295C-4D00-BEB5-1EF5BCB53000}.AppStore|x64.Build.0 = Release|Any CPU
		{7CF35889-295C-4D00-BEB5-1EF5BCB53000}.AppStore|x64.Deploy.0 = Release|Any CPU
		{7CF35889-295C-4D00-BEB5-1EF5BCB53000}.AppStore|x86.ActiveCfg = Release|Any CPU
		{7CF35889-295C-4D00-BEB5-1EF5BCB53000}.AppStore|x86.Build.0 = Release|Any CPU
		{7CF35889-295C-4D00-BEB5-1EF5BCB53000}.AppStore|x86.Deploy.0 = Release|Any CPU
		{7CF35889-295C-4D00-BEB5-1EF5BCB53000}.Debug|Any CPU.ActiveCfg = Debug|Any CPU
		{7CF35889-295C-4D00-BEB5-1EF5BCB53000}.Debug|Any CPU.Build.0 = Debug|Any CPU
		{7CF35889-295C-4D00-BEB5-1EF5BCB53000}.Debug|Any CPU.Deploy.0 = Debug|Any CPU
		{7CF35889-295C-4D00-BEB5-1EF5BCB53000}.Debug|ARM.ActiveCfg = Debug|Any CPU
		{7CF35889-295C-4D00-BEB5-1EF5BCB53000}.Debug|ARM.Build.0 = Debug|Any CPU
		{7CF35889-295C-4D00-BEB5-1EF5BCB53000}.Debug|ARM.Deploy.0 = Debug|Any CPU
		{7CF35889-295C-4D00-BEB5-1EF5BCB53000}.Debug|iPhone.ActiveCfg = Debug|Any CPU
		{7CF35889-295C-4D00-BEB5-1EF5BCB53000}.Debug|iPhone.Build.0 = Debug|Any CPU
		{7CF35889-295C-4D00-BEB5-1EF5BCB53000}.Debug|iPhone.Deploy.0 = Debug|Any CPU
		{7CF35889-295C-4D00-BEB5-1EF5BCB53000}.Debug|iPhoneSimulator.ActiveCfg = Debug|Any CPU
		{7CF35889-295C-4D00-BEB5-1EF5BCB53000}.Debug|iPhoneSimulator.Build.0 = Debug|Any CPU
		{7CF35889-295C-4D00-BEB5-1EF5BCB53000}.Debug|iPhoneSimulator.Deploy.0 = Debug|Any CPU
		{7CF35889-295C-4D00-BEB5-1EF5BCB53000}.Debug|x64.ActiveCfg = Debug|Any CPU
		{7CF35889-295C-4D00-BEB5-1EF5BCB53000}.Debug|x64.Build.0 = Debug|Any CPU
		{7CF35889-295C-4D00-BEB5-1EF5BCB53000}.Debug|x64.Deploy.0 = Debug|Any CPU
		{7CF35889-295C-4D00-BEB5-1EF5BCB53000}.Debug|x86.ActiveCfg = Debug|Any CPU
		{7CF35889-295C-4D00-BEB5-1EF5BCB53000}.Debug|x86.Build.0 = Debug|Any CPU
		{7CF35889-295C-4D00-BEB5-1EF5BCB53000}.Debug|x86.Deploy.0 = Debug|Any CPU
		{7CF35889-295C-4D00-BEB5-1EF5BCB53000}.Release|Any CPU.ActiveCfg = Release|Any CPU
		{7CF35889-295C-4D00-BEB5-1EF5BCB53000}.Release|Any CPU.Build.0 = Release|Any CPU
		{7CF35889-295C-4D00-BEB5-1EF5BCB53000}.Release|Any CPU.Deploy.0 = Release|Any CPU
		{7CF35889-295C-4D00-BEB5-1EF5BCB53000}.Release|ARM.ActiveCfg = Release|Any CPU
		{7CF35889-295C-4D00-BEB5-1EF5BCB53000}.Release|ARM.Build.0 = Release|Any CPU
		{7CF35889-295C-4D00-BEB5-1EF5BCB53000}.Release|ARM.Deploy.0 = Release|Any CPU
		{7CF35889-295C-4D00-BEB5-1EF5BCB53000}.Release|iPhone.ActiveCfg = Release|Any CPU
		{7CF35889-295C-4D00-BEB5-1EF5BCB53000}.Release|iPhone.Build.0 = Release|Any CPU
		{7CF35889-295C-4D00-BEB5-1EF5BCB53000}.Release|iPhone.Deploy.0 = Release|Any CPU
		{7CF35889-295C-4D00-BEB5-1EF5BCB53000}.Release|iPhoneSimulator.ActiveCfg = Release|Any CPU
		{7CF35889-295C-4D00-BEB5-1EF5BCB53000}.Release|iPhoneSimulator.Build.0 = Release|Any CPU
		{7CF35889-295C-4D00-BEB5-1EF5BCB53000}.Release|iPhoneSimulator.Deploy.0 = Release|Any CPU
		{7CF35889-295C-4D00-BEB5-1EF5BCB53000}.Release|x64.ActiveCfg = Release|Any CPU
		{7CF35889-295C-4D00-BEB5-1EF5BCB53000}.Release|x64.Build.0 = Release|Any CPU
		{7CF35889-295C-4D00-BEB5-1EF5BCB53000}.Release|x64.Deploy.0 = Release|Any CPU
		{7CF35889-295C-4D00-BEB5-1EF5BCB53000}.Release|x86.ActiveCfg = Release|Any CPU
		{7CF35889-295C-4D00-BEB5-1EF5BCB53000}.Release|x86.Build.0 = Release|Any CPU
		{7CF35889-295C-4D00-BEB5-1EF5BCB53000}.Release|x86.Deploy.0 = Release|Any CPU
		{21622A11-0BBD-4ACA-9409-0199FAE52AC0}.Ad-Hoc|Any CPU.ActiveCfg = Ad-Hoc|iPhone
		{21622A11-0BBD-4ACA-9409-0199FAE52AC0}.Ad-Hoc|ARM.ActiveCfg = Ad-Hoc|iPhone
		{21622A11-0BBD-4ACA-9409-0199FAE52AC0}.Ad-Hoc|iPhone.ActiveCfg = Ad-Hoc|iPhone
		{21622A11-0BBD-4ACA-9409-0199FAE52AC0}.Ad-Hoc|iPhone.Build.0 = Ad-Hoc|iPhone
		{21622A11-0BBD-4ACA-9409-0199FAE52AC0}.Ad-Hoc|iPhoneSimulator.ActiveCfg = Ad-Hoc|iPhoneSimulator
		{21622A11-0BBD-4ACA-9409-0199FAE52AC0}.Ad-Hoc|iPhoneSimulator.Build.0 = Ad-Hoc|iPhoneSimulator
		{21622A11-0BBD-4ACA-9409-0199FAE52AC0}.Ad-Hoc|x64.ActiveCfg = Ad-Hoc|iPhone
		{21622A11-0BBD-4ACA-9409-0199FAE52AC0}.Ad-Hoc|x86.ActiveCfg = Ad-Hoc|iPhone
		{21622A11-0BBD-4ACA-9409-0199FAE52AC0}.AppStore|Any CPU.ActiveCfg = AppStore|iPhone
		{21622A11-0BBD-4ACA-9409-0199FAE52AC0}.AppStore|ARM.ActiveCfg = AppStore|iPhone
		{21622A11-0BBD-4ACA-9409-0199FAE52AC0}.AppStore|iPhone.ActiveCfg = AppStore|iPhone
		{21622A11-0BBD-4ACA-9409-0199FAE52AC0}.AppStore|iPhone.Build.0 = AppStore|iPhone
		{21622A11-0BBD-4ACA-9409-0199FAE52AC0}.AppStore|iPhoneSimulator.ActiveCfg = AppStore|iPhoneSimulator
		{21622A11-0BBD-4ACA-9409-0199FAE52AC0}.AppStore|iPhoneSimulator.Build.0 = AppStore|iPhoneSimulator
		{21622A11-0BBD-4ACA-9409-0199FAE52AC0}.AppStore|x64.ActiveCfg = AppStore|iPhone
		{21622A11-0BBD-4ACA-9409-0199FAE52AC0}.AppStore|x86.ActiveCfg = AppStore|iPhone
		{21622A11-0BBD-4ACA-9409-0199FAE52AC0}.Debug|Any CPU.ActiveCfg = Debug|iPhone
		{21622A11-0BBD-4ACA-9409-0199FAE52AC0}.Debug|ARM.ActiveCfg = Debug|iPhone
		{21622A11-0BBD-4ACA-9409-0199FAE52AC0}.Debug|iPhone.ActiveCfg = Debug|iPhone
		{21622A11-0BBD-4ACA-9409-0199FAE52AC0}.Debug|iPhone.Build.0 = Debug|iPhone
		{21622A11-0BBD-4ACA-9409-0199FAE52AC0}.Debug|iPhoneSimulator.ActiveCfg = Debug|iPhoneSimulator
		{21622A11-0BBD-4ACA-9409-0199FAE52AC0}.Debug|iPhoneSimulator.Build.0 = Debug|iPhoneSimulator
		{21622A11-0BBD-4ACA-9409-0199FAE52AC0}.Debug|x64.ActiveCfg = Debug|iPhone
		{21622A11-0BBD-4ACA-9409-0199FAE52AC0}.Debug|x86.ActiveCfg = Debug|iPhone
		{21622A11-0BBD-4ACA-9409-0199FAE52AC0}.Release|Any CPU.ActiveCfg = Release|iPhone
		{21622A11-0BBD-4ACA-9409-0199FAE52AC0}.Release|ARM.ActiveCfg = Release|iPhone
		{21622A11-0BBD-4ACA-9409-0199FAE52AC0}.Release|iPhone.ActiveCfg = Release|iPhone
		{21622A11-0BBD-4ACA-9409-0199FAE52AC0}.Release|iPhone.Build.0 = Release|iPhone
		{21622A11-0BBD-4ACA-9409-0199FAE52AC0}.Release|iPhoneSimulator.ActiveCfg = Release|iPhoneSimulator
		{21622A11-0BBD-4ACA-9409-0199FAE52AC0}.Release|iPhoneSimulator.Build.0 = Release|iPhoneSimulator
		{21622A11-0BBD-4ACA-9409-0199FAE52AC0}.Release|x64.ActiveCfg = Release|iPhone
		{21622A11-0BBD-4ACA-9409-0199FAE52AC0}.Release|x86.ActiveCfg = Release|iPhone
		{AA81BC4B-E836-4BDC-9FAD-BBA60F9A228F}.Ad-Hoc|Any CPU.ActiveCfg = Release|x86
		{AA81BC4B-E836-4BDC-9FAD-BBA60F9A228F}.Ad-Hoc|Any CPU.Build.0 = Release|x86
		{AA81BC4B-E836-4BDC-9FAD-BBA60F9A228F}.Ad-Hoc|Any CPU.Deploy.0 = Release|x86
		{AA81BC4B-E836-4BDC-9FAD-BBA60F9A228F}.Ad-Hoc|ARM.ActiveCfg = Release|ARM
		{AA81BC4B-E836-4BDC-9FAD-BBA60F9A228F}.Ad-Hoc|ARM.Build.0 = Release|ARM
		{AA81BC4B-E836-4BDC-9FAD-BBA60F9A228F}.Ad-Hoc|ARM.Deploy.0 = Release|ARM
		{AA81BC4B-E836-4BDC-9FAD-BBA60F9A228F}.Ad-Hoc|iPhone.ActiveCfg = Release|x86
		{AA81BC4B-E836-4BDC-9FAD-BBA60F9A228F}.Ad-Hoc|iPhone.Build.0 = Release|x86
		{AA81BC4B-E836-4BDC-9FAD-BBA60F9A228F}.Ad-Hoc|iPhone.Deploy.0 = Release|x86
		{AA81BC4B-E836-4BDC-9FAD-BBA60F9A228F}.Ad-Hoc|iPhoneSimulator.ActiveCfg = Release|x86
		{AA81BC4B-E836-4BDC-9FAD-BBA60F9A228F}.Ad-Hoc|iPhoneSimulator.Build.0 = Release|x86
		{AA81BC4B-E836-4BDC-9FAD-BBA60F9A228F}.Ad-Hoc|iPhoneSimulator.Deploy.0 = Release|x86
		{AA81BC4B-E836-4BDC-9FAD-BBA60F9A228F}.Ad-Hoc|x64.ActiveCfg = Release|x64
		{AA81BC4B-E836-4BDC-9FAD-BBA60F9A228F}.Ad-Hoc|x64.Build.0 = Release|x64
		{AA81BC4B-E836-4BDC-9FAD-BBA60F9A228F}.Ad-Hoc|x64.Deploy.0 = Release|x64
		{AA81BC4B-E836-4BDC-9FAD-BBA60F9A228F}.Ad-Hoc|x86.ActiveCfg = Release|x86
		{AA81BC4B-E836-4BDC-9FAD-BBA60F9A228F}.Ad-Hoc|x86.Build.0 = Release|x86
		{AA81BC4B-E836-4BDC-9FAD-BBA60F9A228F}.Ad-Hoc|x86.Deploy.0 = Release|x86
		{AA81BC4B-E836-4BDC-9FAD-BBA60F9A228F}.AppStore|Any CPU.ActiveCfg = Release|x86
		{AA81BC4B-E836-4BDC-9FAD-BBA60F9A228F}.AppStore|Any CPU.Build.0 = Release|x86
		{AA81BC4B-E836-4BDC-9FAD-BBA60F9A228F}.AppStore|Any CPU.Deploy.0 = Release|x86
		{AA81BC4B-E836-4BDC-9FAD-BBA60F9A228F}.AppStore|ARM.ActiveCfg = Release|ARM
		{AA81BC4B-E836-4BDC-9FAD-BBA60F9A228F}.AppStore|ARM.Build.0 = Release|ARM
		{AA81BC4B-E836-4BDC-9FAD-BBA60F9A228F}.AppStore|ARM.Deploy.0 = Release|ARM
		{AA81BC4B-E836-4BDC-9FAD-BBA60F9A228F}.AppStore|iPhone.ActiveCfg = Release|x86
		{AA81BC4B-E836-4BDC-9FAD-BBA60F9A228F}.AppStore|iPhone.Build.0 = Release|x86
		{AA81BC4B-E836-4BDC-9FAD-BBA60F9A228F}.AppStore|iPhone.Deploy.0 = Release|x86
		{AA81BC4B-E836-4BDC-9FAD-BBA60F9A228F}.AppStore|iPhoneSimulator.ActiveCfg = Release|x86
		{AA81BC4B-E836-4BDC-9FAD-BBA60F9A228F}.AppStore|iPhoneSimulator.Build.0 = Release|x86
		{AA81BC4B-E836-4BDC-9FAD-BBA60F9A228F}.AppStore|iPhoneSimulator.Deploy.0 = Release|x86
		{AA81BC4B-E836-4BDC-9FAD-BBA60F9A228F}.AppStore|x64.ActiveCfg = Release|x64
		{AA81BC4B-E836-4BDC-9FAD-BBA60F9A228F}.AppStore|x64.Build.0 = Release|x64
		{AA81BC4B-E836-4BDC-9FAD-BBA60F9A228F}.AppStore|x64.Deploy.0 = Release|x64
		{AA81BC4B-E836-4BDC-9FAD-BBA60F9A228F}.AppStore|x86.ActiveCfg = Release|x86
		{AA81BC4B-E836-4BDC-9FAD-BBA60F9A228F}.AppStore|x86.Build.0 = Release|x86
		{AA81BC4B-E836-4BDC-9FAD-BBA60F9A228F}.AppStore|x86.Deploy.0 = Release|x86
		{AA81BC4B-E836-4BDC-9FAD-BBA60F9A228F}.Debug|Any CPU.ActiveCfg = Debug|x86
		{AA81BC4B-E836-4BDC-9FAD-BBA60F9A228F}.Debug|Any CPU.Deploy.0 = Debug|x86
		{AA81BC4B-E836-4BDC-9FAD-BBA60F9A228F}.Debug|ARM.ActiveCfg = Debug|ARM
		{AA81BC4B-E836-4BDC-9FAD-BBA60F9A228F}.Debug|ARM.Build.0 = Debug|ARM
		{AA81BC4B-E836-4BDC-9FAD-BBA60F9A228F}.Debug|ARM.Deploy.0 = Debug|ARM
		{AA81BC4B-E836-4BDC-9FAD-BBA60F9A228F}.Debug|iPhone.ActiveCfg = Debug|x86
		{AA81BC4B-E836-4BDC-9FAD-BBA60F9A228F}.Debug|iPhoneSimulator.ActiveCfg = Debug|x86
		{AA81BC4B-E836-4BDC-9FAD-BBA60F9A228F}.Debug|x64.ActiveCfg = Debug|x64
		{AA81BC4B-E836-4BDC-9FAD-BBA60F9A228F}.Debug|x64.Build.0 = Debug|x64
		{AA81BC4B-E836-4BDC-9FAD-BBA60F9A228F}.Debug|x64.Deploy.0 = Debug|x64
		{AA81BC4B-E836-4BDC-9FAD-BBA60F9A228F}.Debug|x86.ActiveCfg = Debug|x86
		{AA81BC4B-E836-4BDC-9FAD-BBA60F9A228F}.Debug|x86.Build.0 = Debug|x86
		{AA81BC4B-E836-4BDC-9FAD-BBA60F9A228F}.Debug|x86.Deploy.0 = Debug|x86
		{AA81BC4B-E836-4BDC-9FAD-BBA60F9A228F}.Release|Any CPU.ActiveCfg = Release|x86
		{AA81BC4B-E836-4BDC-9FAD-BBA60F9A228F}.Release|ARM.ActiveCfg = Release|ARM
		{AA81BC4B-E836-4BDC-9FAD-BBA60F9A228F}.Release|ARM.Build.0 = Release|ARM
		{AA81BC4B-E836-4BDC-9FAD-BBA60F9A228F}.Release|ARM.Deploy.0 = Release|ARM
		{AA81BC4B-E836-4BDC-9FAD-BBA60F9A228F}.Release|iPhone.ActiveCfg = Release|x86
		{AA81BC4B-E836-4BDC-9FAD-BBA60F9A228F}.Release|iPhoneSimulator.ActiveCfg = Release|x86
		{AA81BC4B-E836-4BDC-9FAD-BBA60F9A228F}.Release|x64.ActiveCfg = Release|x64
		{AA81BC4B-E836-4BDC-9FAD-BBA60F9A228F}.Release|x64.Build.0 = Release|x64
		{AA81BC4B-E836-4BDC-9FAD-BBA60F9A228F}.Release|x64.Deploy.0 = Release|x64
		{AA81BC4B-E836-4BDC-9FAD-BBA60F9A228F}.Release|x86.ActiveCfg = Release|x86
		{AA81BC4B-E836-4BDC-9FAD-BBA60F9A228F}.Release|x86.Build.0 = Release|x86
		{AA81BC4B-E836-4BDC-9FAD-BBA60F9A228F}.Release|x86.Deploy.0 = Release|x86
		{B7FD3A94-147A-4748-9028-5A22AE3016C7}.Ad-Hoc|Any CPU.ActiveCfg = Release|Any CPU
		{B7FD3A94-147A-4748-9028-5A22AE3016C7}.Ad-Hoc|Any CPU.Build.0 = Release|Any CPU
		{B7FD3A94-147A-4748-9028-5A22AE3016C7}.Ad-Hoc|ARM.ActiveCfg = Release|Any CPU
		{B7FD3A94-147A-4748-9028-5A22AE3016C7}.Ad-Hoc|ARM.Build.0 = Release|Any CPU
		{B7FD3A94-147A-4748-9028-5A22AE3016C7}.Ad-Hoc|iPhone.ActiveCfg = Release|Any CPU
		{B7FD3A94-147A-4748-9028-5A22AE3016C7}.Ad-Hoc|iPhone.Build.0 = Release|Any CPU
		{B7FD3A94-147A-4748-9028-5A22AE3016C7}.Ad-Hoc|iPhoneSimulator.ActiveCfg = Release|Any CPU
		{B7FD3A94-147A-4748-9028-5A22AE3016C7}.Ad-Hoc|iPhoneSimulator.Build.0 = Release|Any CPU
		{B7FD3A94-147A-4748-9028-5A22AE3016C7}.Ad-Hoc|x64.ActiveCfg = Release|Any CPU
		{B7FD3A94-147A-4748-9028-5A22AE3016C7}.Ad-Hoc|x64.Build.0 = Release|Any CPU
		{B7FD3A94-147A-4748-9028-5A22AE3016C7}.Ad-Hoc|x86.ActiveCfg = Release|Any CPU
		{B7FD3A94-147A-4748-9028-5A22AE3016C7}.Ad-Hoc|x86.Build.0 = Release|Any CPU
		{B7FD3A94-147A-4748-9028-5A22AE3016C7}.AppStore|Any CPU.ActiveCfg = Release|Any CPU
		{B7FD3A94-147A-4748-9028-5A22AE3016C7}.AppStore|Any CPU.Build.0 = Release|Any CPU
		{B7FD3A94-147A-4748-9028-5A22AE3016C7}.AppStore|ARM.ActiveCfg = Release|Any CPU
		{B7FD3A94-147A-4748-9028-5A22AE3016C7}.AppStore|ARM.Build.0 = Release|Any CPU
		{B7FD3A94-147A-4748-9028-5A22AE3016C7}.AppStore|iPhone.ActiveCfg = Release|Any CPU
		{B7FD3A94-147A-4748-9028-5A22AE3016C7}.AppStore|iPhone.Build.0 = Release|Any CPU
		{B7FD3A94-147A-4748-9028-5A22AE3016C7}.AppStore|iPhoneSimulator.ActiveCfg = Release|Any CPU
		{B7FD3A94-147A-4748-9028-5A22AE3016C7}.AppStore|iPhoneSimulator.Build.0 = Release|Any CPU
		{B7FD3A94-147A-4748-9028-5A22AE3016C7}.AppStore|x64.ActiveCfg = Release|Any CPU
		{B7FD3A94-147A-4748-9028-5A22AE3016C7}.AppStore|x64.Build.0 = Release|Any CPU
		{B7FD3A94-147A-4748-9028-5A22AE3016C7}.AppStore|x86.ActiveCfg = Release|Any CPU
		{B7FD3A94-147A-4748-9028-5A22AE3016C7}.AppStore|x86.Build.0 = Release|Any CPU
		{B7FD3A94-147A-4748-9028-5A22AE3016C7}.Debug|Any CPU.ActiveCfg = Debug|Any CPU
		{B7FD3A94-147A-4748-9028-5A22AE3016C7}.Debug|Any CPU.Build.0 = Debug|Any CPU
		{B7FD3A94-147A-4748-9028-5A22AE3016C7}.Debug|ARM.ActiveCfg = Debug|Any CPU
		{B7FD3A94-147A-4748-9028-5A22AE3016C7}.Debug|ARM.Build.0 = Debug|Any CPU
		{B7FD3A94-147A-4748-9028-5A22AE3016C7}.Debug|iPhone.ActiveCfg = Debug|Any CPU
		{B7FD3A94-147A-4748-9028-5A22AE3016C7}.Debug|iPhone.Build.0 = Debug|Any CPU
		{B7FD3A94-147A-4748-9028-5A22AE3016C7}.Debug|iPhoneSimulator.ActiveCfg = Debug|Any CPU
		{B7FD3A94-147A-4748-9028-5A22AE3016C7}.Debug|iPhoneSimulator.Build.0 = Debug|Any CPU
		{B7FD3A94-147A-4748-9028-5A22AE3016C7}.Debug|x64.ActiveCfg = Debug|Any CPU
		{B7FD3A94-147A-4748-9028-5A22AE3016C7}.Debug|x64.Build.0 = Debug|Any CPU
		{B7FD3A94-147A-4748-9028-5A22AE3016C7}.Debug|x86.ActiveCfg = Debug|Any CPU
		{B7FD3A94-147A-4748-9028-5A22AE3016C7}.Debug|x86.Build.0 = Debug|Any CPU
		{B7FD3A94-147A-4748-9028-5A22AE3016C7}.Release|Any CPU.ActiveCfg = Release|Any CPU
		{B7FD3A94-147A-4748-9028-5A22AE3016C7}.Release|Any CPU.Build.0 = Release|Any CPU
		{B7FD3A94-147A-4748-9028-5A22AE3016C7}.Release|ARM.ActiveCfg = Release|Any CPU
		{B7FD3A94-147A-4748-9028-5A22AE3016C7}.Release|ARM.Build.0 = Release|Any CPU
		{B7FD3A94-147A-4748-9028-5A22AE3016C7}.Release|iPhone.ActiveCfg = Release|Any CPU
		{B7FD3A94-147A-4748-9028-5A22AE3016C7}.Release|iPhone.Build.0 = Release|Any CPU
		{B7FD3A94-147A-4748-9028-5A22AE3016C7}.Release|iPhoneSimulator.ActiveCfg = Release|Any CPU
		{B7FD3A94-147A-4748-9028-5A22AE3016C7}.Release|iPhoneSimulator.Build.0 = Release|Any CPU
		{B7FD3A94-147A-4748-9028-5A22AE3016C7}.Release|x64.ActiveCfg = Release|Any CPU
		{B7FD3A94-147A-4748-9028-5A22AE3016C7}.Release|x64.Build.0 = Release|Any CPU
		{B7FD3A94-147A-4748-9028-5A22AE3016C7}.Release|x86.ActiveCfg = Release|Any CPU
		{B7FD3A94-147A-4748-9028-5A22AE3016C7}.Release|x86.Build.0 = Release|Any CPU
	EndGlobalSection
	GlobalSection(SolutionProperties) = preSolution
		HideSolutionNode = FALSE
	EndGlobalSection
EndGlobal
